
Microsoft Visual Studio Solution File, Format Version 12.00
# Visual Studio Version 16
VisualStudioVersion = 16.0.30309.148
MinimumVisualStudioVersion = 10.0.40219.1
Project("{FAE04EC0-301F-11D3-BF4B-00C04F79EFBC}") = "WebApi", "WebApi.csproj", "{CD5D5AED-184D-4939-B041-F5F6CC095619}"
EndProject
Project("{FAE04EC0-301F-11D3-BF4B-00C04F79EFBC}") = "DAL", "..\DAL\DAL.csproj", "{402C0979-DC05-4237-BFF4-B02C8F3B6E48}"
EndProject
Global
	GlobalSection(SolutionConfigurationPlatforms) = preSolution
		Debug|Any CPU = Debug|Any CPU
		Release|Any CPU = Release|Any CPU
	EndGlobalSection
	GlobalSection(ProjectConfigurationPlatforms) = postSolution
		{CD5D5AED-184D-4939-B041-F5F6CC095619}.Debug|Any CPU.ActiveCfg = Debug|Any CPU
		{CD5D5AED-184D-4939-B041-F5F6CC095619}.Debug|Any CPU.Build.0 = Debug|Any CPU
		{CD5D5AED-184D-4939-B041-F5F6CC095619}.Release|Any CPU.ActiveCfg = Release|Any CPU
		{CD5D5AED-184D-4939-B041-F5F6CC095619}.Release|Any CPU.Build.0 = Release|Any CPU
		{402C0979-DC05-4237-BFF4-B02C8F3B6E48}.Debug|Any CPU.ActiveCfg = Debug|Any CPU
		{402C0979-DC05-4237-BFF4-B02C8F3B6E48}.Debug|Any CPU.Build.0 = Debug|Any CPU
		{402C0979-DC05-4237-BFF4-B02C8F3B6E48}.Release|Any CPU.ActiveCfg = Release|Any CPU
		{402C0979-DC05-4237-BFF4-B02C8F3B6E48}.Release|Any CPU.Build.0 = Release|Any CPU
	EndGlobalSection
	GlobalSection(SolutionProperties) = preSolution
		HideSolutionNode = FALSE
	EndGlobalSection
	GlobalSection(ExtensibilityGlobals) = postSolution
		SolutionGuid = {28DB80C2-3677-493E-9B37-C5FCFD29F870}
	EndGlobalSection
EndGlobal
